
Microsoft Visual Studio Solution File, Format Version 12.00
# Visual Studio 15
VisualStudioVersion = 15.0.28307.1321
MinimumVisualStudioVersion = 10.0.40219.1
Project("{FAE04EC0-301F-11D3-BF4B-00C04F79EFBC}") = "Sales.Android", "Sales\Sales.Android\Sales.Android.csproj", "{CEB9DC68-48F4-4C39-96B6-8ED36688DEB8}"
EndProject
Project("{FAE04EC0-301F-11D3-BF4B-00C04F79EFBC}") = "Sales.iOS", "Sales\Sales.iOS\Sales.iOS.csproj", "{D94C8B67-E43D-43EA-B7D8-F1A7107CB09E}"
EndProject
Project("{9A19103F-16F7-4668-BE54-9A1E7A4F7556}") = "Sales", "Sales\Sales\Sales.csproj", "{314AEE37-F509-42C1-94AD-A8A02795854E}"
EndProject
Project("{FAE04EC0-301F-11D3-BF4B-00C04F79EFBC}") = "SalesBackEnd", "SalesBackEnd\SalesBackEnd.csproj", "{B691294C-70E6-424D-A137-BF99538B94BC}"
EndProject
Project("{FAE04EC0-301F-11D3-BF4B-00C04F79EFBC}") = "Sales.API", "Sales.API\Sales.API.csproj", "{72731C40-B3CE-4618-B363-C93BBC7B8481}"
EndProject
Project("{FAE04EC0-301F-11D3-BF4B-00C04F79EFBC}") = "Sales.Domain", "Sales.Domain\Sales.Domain.csproj", "{47FA7835-C5ED-4E53-8347-5CBA4D64B221}"
EndProject
Project("{FAE04EC0-301F-11D3-BF4B-00C04F79EFBC}") = "Sales.Common", "Sales.Common\Sales.Common.csproj", "{201120B9-BAE3-4C54-AC0D-26AA26B39F9A}"
EndProject
Global
	GlobalSection(SolutionConfigurationPlatforms) = preSolution
		Ad-Hoc|Any CPU = Ad-Hoc|Any CPU
		Ad-Hoc|ARM = Ad-Hoc|ARM
		Ad-Hoc|iPhone = Ad-Hoc|iPhone
		Ad-Hoc|iPhoneSimulator = Ad-Hoc|iPhoneSimulator
		Ad-Hoc|x64 = Ad-Hoc|x64
		Ad-Hoc|x86 = Ad-Hoc|x86
		AppStore|Any CPU = AppStore|Any CPU
		AppStore|ARM = AppStore|ARM
		AppStore|iPhone = AppStore|iPhone
		AppStore|iPhoneSimulator = AppStore|iPhoneSimulator
		AppStore|x64 = AppStore|x64
		AppStore|x86 = AppStore|x86
		Debug|Any CPU = Debug|Any CPU
		Debug|ARM = Debug|ARM
		Debug|iPhone = Debug|iPhone
		Debug|iPhoneSimulator = Debug|iPhoneSimulator
		Debug|x64 = Debug|x64
		Debug|x86 = Debug|x86
		Release|Any CPU = Release|Any CPU
		Release|ARM = Release|ARM
		Release|iPhone = Release|iPhone
		Release|iPhoneSimulator = Release|iPhoneSimulator
		Release|x64 = Release|x64
		Release|x86 = Release|x86
	EndGlobalSection
	GlobalSection(ProjectConfigurationPlatforms) = postSolution
		{CEB9DC68-48F4-4C39-96B6-8ED36688DEB8}.Ad-Hoc|Any CPU.ActiveCfg = Release|Any CPU
		{CEB9DC68-48F4-4C39-96B6-8ED36688DEB8}.Ad-Hoc|Any CPU.Build.0 = Release|Any CPU
		{CEB9DC68-48F4-4C39-96B6-8ED36688DEB8}.Ad-Hoc|Any CPU.Deploy.0 = Release|Any CPU
		{CEB9DC68-48F4-4C39-96B6-8ED36688DEB8}.Ad-Hoc|ARM.ActiveCfg = Release|Any CPU
		{CEB9DC68-48F4-4C39-96B6-8ED36688DEB8}.Ad-Hoc|ARM.Build.0 = Release|Any CPU
		{CEB9DC68-48F4-4C39-96B6-8ED36688DEB8}.Ad-Hoc|ARM.Deploy.0 = Release|Any CPU
		{CEB9DC68-48F4-4C39-96B6-8ED36688DEB8}.Ad-Hoc|iPhone.ActiveCfg = Release|Any CPU
		{CEB9DC68-48F4-4C39-96B6-8ED36688DEB8}.Ad-Hoc|iPhone.Build.0 = Release|Any CPU
		{CEB9DC68-48F4-4C39-96B6-8ED36688DEB8}.Ad-Hoc|iPhone.Deploy.0 = Release|Any CPU
		{CEB9DC68-48F4-4C39-96B6-8ED36688DEB8}.Ad-Hoc|iPhoneSimulator.ActiveCfg = Release|Any CPU
		{CEB9DC68-48F4-4C39-96B6-8ED36688DEB8}.Ad-Hoc|iPhoneSimulator.Build.0 = Release|Any CPU
		{CEB9DC68-48F4-4C39-96B6-8ED36688DEB8}.Ad-Hoc|iPhoneSimulator.Deploy.0 = Release|Any CPU
		{CEB9DC68-48F4-4C39-96B6-8ED36688DEB8}.Ad-Hoc|x64.ActiveCfg = Release|Any CPU
		{CEB9DC68-48F4-4C39-96B6-8ED36688DEB8}.Ad-Hoc|x64.Build.0 = Release|Any CPU
		{CEB9DC68-48F4-4C39-96B6-8ED36688DEB8}.Ad-Hoc|x64.Deploy.0 = Release|Any CPU
		{CEB9DC68-48F4-4C39-96B6-8ED36688DEB8}.Ad-Hoc|x86.ActiveCfg = Release|Any CPU
		{CEB9DC68-48F4-4C39-96B6-8ED36688DEB8}.Ad-Hoc|x86.Build.0 = Release|Any CPU
		{CEB9DC68-48F4-4C39-96B6-8ED36688DEB8}.Ad-Hoc|x86.Deploy.0 = Release|Any CPU
		{CEB9DC68-48F4-4C39-96B6-8ED36688DEB8}.AppStore|Any CPU.ActiveCfg = Release|Any CPU
		{CEB9DC68-48F4-4C39-96B6-8ED36688DEB8}.AppStore|Any CPU.Build.0 = Release|Any CPU
		{CEB9DC68-48F4-4C39-96B6-8ED36688DEB8}.AppStore|Any CPU.Deploy.0 = Release|Any CPU
		{CEB9DC68-48F4-4C39-96B6-8ED36688DEB8}.AppStore|ARM.ActiveCfg = Release|Any CPU
		{CEB9DC68-48F4-4C39-96B6-8ED36688DEB8}.AppStore|ARM.Build.0 = Release|Any CPU
		{CEB9DC68-48F4-4C39-96B6-8ED36688DEB8}.AppStore|ARM.Deploy.0 = Release|Any CPU
		{CEB9DC68-48F4-4C39-96B6-8ED36688DEB8}.AppStore|iPhone.ActiveCfg = Release|Any CPU
		{CEB9DC68-48F4-4C39-96B6-8ED36688DEB8}.AppStore|iPhone.Build.0 = Release|Any CPU
		{CEB9DC68-48F4-4C39-96B6-8ED36688DEB8}.AppStore|iPhone.Deploy.0 = Release|Any CPU
		{CEB9DC68-48F4-4C39-96B6-8ED36688DEB8}.AppStore|iPhoneSimulator.ActiveCfg = Release|Any CPU
		{CEB9DC68-48F4-4C39-96B6-8ED36688DEB8}.AppStore|iPhoneSimulator.Build.0 = Release|Any CPU
		{CEB9DC68-48F4-4C39-96B6-8ED36688DEB8}.AppStore|iPhoneSimulator.Deploy.0 = Release|Any CPU
		{CEB9DC68-48F4-4C39-96B6-8ED36688DEB8}.AppStore|x64.ActiveCfg = Release|Any CPU
		{CEB9DC68-48F4-4C39-96B6-8ED36688DEB8}.AppStore|x64.Build.0 = Release|Any CPU
		{CEB9DC68-48F4-4C39-96B6-8ED36688DEB8}.AppStore|x64.Deploy.0 = Release|Any CPU
		{CEB9DC68-48F4-4C39-96B6-8ED36688DEB8}.AppStore|x86.ActiveCfg = Release|Any CPU
		{CEB9DC68-48F4-4C39-96B6-8ED36688DEB8}.AppStore|x86.Build.0 = Release|Any CPU
		{CEB9DC68-48F4-4C39-96B6-8ED36688DEB8}.AppStore|x86.Deploy.0 = Release|Any CPU
		{CEB9DC68-48F4-4C39-96B6-8ED36688DEB8}.Debug|Any CPU.ActiveCfg = Debug|Any CPU
		{CEB9DC68-48F4-4C39-96B6-8ED36688DEB8}.Debug|Any CPU.Build.0 = Debug|Any CPU
		{CEB9DC68-48F4-4C39-96B6-8ED36688DEB8}.Debug|Any CPU.Deploy.0 = Debug|Any CPU
		{CEB9DC68-48F4-4C39-96B6-8ED36688DEB8}.Debug|ARM.ActiveCfg = Debug|Any CPU
		{CEB9DC68-48F4-4C39-96B6-8ED36688DEB8}.Debug|ARM.Build.0 = Debug|Any CPU
		{CEB9DC68-48F4-4C39-96B6-8ED36688DEB8}.Debug|ARM.Deploy.0 = Debug|Any CPU
		{CEB9DC68-48F4-4C39-96B6-8ED36688DEB8}.Debug|iPhone.ActiveCfg = Debug|Any CPU
		{CEB9DC68-48F4-4C39-96B6-8ED36688DEB8}.Debug|iPhone.Build.0 = Debug|Any CPU
		{CEB9DC68-48F4-4C39-96B6-8ED36688DEB8}.Debug|iPhone.Deploy.0 = Debug|Any CPU
		{CEB9DC68-48F4-4C39-96B6-8ED36688DEB8}.Debug|iPhoneSimulator.ActiveCfg = Debug|Any CPU
		{CEB9DC68-48F4-4C39-96B6-8ED36688DEB8}.Debug|iPhoneSimulator.Build.0 = Debug|Any CPU
		{CEB9DC68-48F4-4C39-96B6-8ED36688DEB8}.Debug|iPhoneSimulator.Deploy.0 = Debug|Any CPU
		{CEB9DC68-48F4-4C39-96B6-8ED36688DEB8}.Debug|x64.ActiveCfg = Debug|Any CPU
		{CEB9DC68-48F4-4C39-96B6-8ED36688DEB8}.Debug|x64.Build.0 = Debug|Any CPU
		{CEB9DC68-48F4-4C39-96B6-8ED36688DEB8}.Debug|x64.Deploy.0 = Debug|Any CPU
		{CEB9DC68-48F4-4C39-96B6-8ED36688DEB8}.Debug|x86.ActiveCfg = Debug|Any CPU
		{CEB9DC68-48F4-4C39-96B6-8ED36688DEB8}.Debug|x86.Build.0 = Debug|Any CPU
		{CEB9DC68-48F4-4C39-96B6-8ED36688DEB8}.Debug|x86.Deploy.0 = Debug|Any CPU
		{CEB9DC68-48F4-4C39-96B6-8ED36688DEB8}.Release|Any CPU.ActiveCfg = Release|Any CPU
		{CEB9DC68-48F4-4C39-96B6-8ED36688DEB8}.Release|Any CPU.Build.0 = Release|Any CPU
		{CEB9DC68-48F4-4C39-96B6-8ED36688DEB8}.Release|Any CPU.Deploy.0 = Release|Any CPU
		{CEB9DC68-48F4-4C39-96B6-8ED36688DEB8}.Release|ARM.ActiveCfg = Release|Any CPU
		{CEB9DC68-48F4-4C39-96B6-8ED36688DEB8}.Release|ARM.Build.0 = Release|Any CPU
		{CEB9DC68-48F4-4C39-96B6-8ED36688DEB8}.Release|ARM.Deploy.0 = Release|Any CPU
		{CEB9DC68-48F4-4C39-96B6-8ED36688DEB8}.Release|iPhone.ActiveCfg = Release|Any CPU
		{CEB9DC68-48F4-4C39-96B6-8ED36688DEB8}.Release|iPhone.Build.0 = Release|Any CPU
		{CEB9DC68-48F4-4C39-96B6-8ED36688DEB8}.Release|iPhone.Deploy.0 = Release|Any CPU
		{CEB9DC68-48F4-4C39-96B6-8ED36688DEB8}.Release|iPhoneSimulator.ActiveCfg = Release|Any CPU
		{CEB9DC68-48F4-4C39-96B6-8ED36688DEB8}.Release|iPhoneSimulator.Build.0 = Release|Any CPU
		{CEB9DC68-48F4-4C39-96B6-8ED36688DEB8}.Release|iPhoneSimulator.Deploy.0 = Release|Any CPU
		{CEB9DC68-48F4-4C39-96B6-8ED36688DEB8}.Release|x64.ActiveCfg = Release|Any CPU
		{CEB9DC68-48F4-4C39-96B6-8ED36688DEB8}.Release|x64.Build.0 = Release|Any CPU
		{CEB9DC68-48F4-4C39-96B6-8ED36688DEB8}.Release|x64.Deploy.0 = Release|Any CPU
		{CEB9DC68-48F4-4C39-96B6-8ED36688DEB8}.Release|x86.ActiveCfg = Release|Any CPU
		{CEB9DC68-48F4-4C39-96B6-8ED36688DEB8}.Release|x86.Build.0 = Release|Any CPU
		{CEB9DC68-48F4-4C39-96B6-8ED36688DEB8}.Release|x86.Deploy.0 = Release|Any CPU
		{D94C8B67-E43D-43EA-B7D8-F1A7107CB09E}.Ad-Hoc|Any CPU.ActiveCfg = Ad-Hoc|iPhone
		{D94C8B67-E43D-43EA-B7D8-F1A7107CB09E}.Ad-Hoc|Any CPU.Build.0 = Ad-Hoc|iPhone
		{D94C8B67-E43D-43EA-B7D8-F1A7107CB09E}.Ad-Hoc|Any CPU.Deploy.0 = Ad-Hoc|iPhone
		{D94C8B67-E43D-43EA-B7D8-F1A7107CB09E}.Ad-Hoc|ARM.ActiveCfg = Ad-Hoc|iPhone
		{D94C8B67-E43D-43EA-B7D8-F1A7107CB09E}.Ad-Hoc|ARM.Build.0 = Ad-Hoc|iPhone
		{D94C8B67-E43D-43EA-B7D8-F1A7107CB09E}.Ad-Hoc|ARM.Deploy.0 = Ad-Hoc|iPhone
		{D94C8B67-E43D-43EA-B7D8-F1A7107CB09E}.Ad-Hoc|iPhone.ActiveCfg = Ad-Hoc|iPhone
		{D94C8B67-E43D-43EA-B7D8-F1A7107CB09E}.Ad-Hoc|iPhone.Build.0 = Ad-Hoc|iPhone
		{D94C8B67-E43D-43EA-B7D8-F1A7107CB09E}.Ad-Hoc|iPhone.Deploy.0 = Ad-Hoc|iPhone
		{D94C8B67-E43D-43EA-B7D8-F1A7107CB09E}.Ad-Hoc|iPhoneSimulator.ActiveCfg = Ad-Hoc|iPhoneSimulator
		{D94C8B67-E43D-43EA-B7D8-F1A7107CB09E}.Ad-Hoc|iPhoneSimulator.Build.0 = Ad-Hoc|iPhoneSimulator
		{D94C8B67-E43D-43EA-B7D8-F1A7107CB09E}.Ad-Hoc|iPhoneSimulator.Deploy.0 = Ad-Hoc|iPhoneSimulator
		{D94C8B67-E43D-43EA-B7D8-F1A7107CB09E}.Ad-Hoc|x64.ActiveCfg = Ad-Hoc|iPhone
		{D94C8B67-E43D-43EA-B7D8-F1A7107CB09E}.Ad-Hoc|x64.Build.0 = Ad-Hoc|iPhone
		{D94C8B67-E43D-43EA-B7D8-F1A7107CB09E}.Ad-Hoc|x64.Deploy.0 = Ad-Hoc|iPhone
		{D94C8B67-E43D-43EA-B7D8-F1A7107CB09E}.Ad-Hoc|x86.ActiveCfg = Ad-Hoc|iPhone
		{D94C8B67-E43D-43EA-B7D8-F1A7107CB09E}.Ad-Hoc|x86.Build.0 = Ad-Hoc|iPhone
		{D94C8B67-E43D-43EA-B7D8-F1A7107CB09E}.Ad-Hoc|x86.Deploy.0 = Ad-Hoc|iPhone
		{D94C8B67-E43D-43EA-B7D8-F1A7107CB09E}.AppStore|Any CPU.ActiveCfg = AppStore|iPhone
		{D94C8B67-E43D-43EA-B7D8-F1A7107CB09E}.AppStore|Any CPU.Build.0 = AppStore|iPhone
		{D94C8B67-E43D-43EA-B7D8-F1A7107CB09E}.AppStore|Any CPU.Deploy.0 = AppStore|iPhone
		{D94C8B67-E43D-43EA-B7D8-F1A7107CB09E}.AppStore|ARM.ActiveCfg = AppStore|iPhone
		{D94C8B67-E43D-43EA-B7D8-F1A7107CB09E}.AppStore|ARM.Build.0 = AppStore|iPhone
		{D94C8B67-E43D-43EA-B7D8-F1A7107CB09E}.AppStore|ARM.Deploy.0 = AppStore|iPhone
		{D94C8B67-E43D-43EA-B7D8-F1A7107CB09E}.AppStore|iPhone.ActiveCfg = AppStore|iPhone
		{D94C8B67-E43D-43EA-B7D8-F1A7107CB09E}.AppStore|iPhone.Build.0 = AppStore|iPhone
		{D94C8B67-E43D-43EA-B7D8-F1A7107CB09E}.AppStore|iPhone.Deploy.0 = AppStore|iPhone
		{D94C8B67-E43D-43EA-B7D8-F1A7107CB09E}.AppStore|iPhoneSimulator.ActiveCfg = AppStore|iPhoneSimulator
		{D94C8B67-E43D-43EA-B7D8-F1A7107CB09E}.AppStore|iPhoneSimulator.Build.0 = AppStore|iPhoneSimulator
		{D94C8B67-E43D-43EA-B7D8-F1A7107CB09E}.AppStore|iPhoneSimulator.Deploy.0 = AppStore|iPhoneSimulator
		{D94C8B67-E43D-43EA-B7D8-F1A7107CB09E}.AppStore|x64.ActiveCfg = AppStore|iPhone
		{D94C8B67-E43D-43EA-B7D8-F1A7107CB09E}.AppStore|x64.Build.0 = AppStore|iPhone
		{D94C8B67-E43D-43EA-B7D8-F1A7107CB09E}.AppStore|x64.Deploy.0 = AppStore|iPhone
		{D94C8B67-E43D-43EA-B7D8-F1A7107CB09E}.AppStore|x86.ActiveCfg = AppStore|iPhone
		{D94C8B67-E43D-43EA-B7D8-F1A7107CB09E}.AppStore|x86.Build.0 = AppStore|iPhone
		{D94C8B67-E43D-43EA-B7D8-F1A7107CB09E}.AppStore|x86.Deploy.0 = AppStore|iPhone
		{D94C8B67-E43D-43EA-B7D8-F1A7107CB09E}.Debug|Any CPU.ActiveCfg = Debug|iPhone
		{D94C8B67-E43D-43EA-B7D8-F1A7107CB09E}.Debug|Any CPU.Build.0 = Debug|iPhone
		{D94C8B67-E43D-43EA-B7D8-F1A7107CB09E}.Debug|Any CPU.Deploy.0 = Debug|iPhone
		{D94C8B67-E43D-43EA-B7D8-F1A7107CB09E}.Debug|ARM.ActiveCfg = Debug|iPhone
		{D94C8B67-E43D-43EA-B7D8-F1A7107CB09E}.Debug|ARM.Build.0 = Debug|iPhone
		{D94C8B67-E43D-43EA-B7D8-F1A7107CB09E}.Debug|ARM.Deploy.0 = Debug|iPhone
		{D94C8B67-E43D-43EA-B7D8-F1A7107CB09E}.Debug|iPhone.ActiveCfg = Debug|iPhone
		{D94C8B67-E43D-43EA-B7D8-F1A7107CB09E}.Debug|iPhone.Build.0 = Debug|iPhone
		{D94C8B67-E43D-43EA-B7D8-F1A7107CB09E}.Debug|iPhone.Deploy.0 = Debug|iPhone
		{D94C8B67-E43D-43EA-B7D8-F1A7107CB09E}.Debug|iPhoneSimulator.ActiveCfg = Debug|iPhoneSimulator
		{D94C8B67-E43D-43EA-B7D8-F1A7107CB09E}.Debug|iPhoneSimulator.Build.0 = Debug|iPhoneSimulator
		{D94C8B67-E43D-43EA-B7D8-F1A7107CB09E}.Debug|iPhoneSimulator.Deploy.0 = Debug|iPhoneSimulator
		{D94C8B67-E43D-43EA-B7D8-F1A7107CB09E}.Debug|x64.ActiveCfg = Debug|iPhone
		{D94C8B67-E43D-43EA-B7D8-F1A7107CB09E}.Debug|x64.Build.0 = Debug|iPhone
		{D94C8B67-E43D-43EA-B7D8-F1A7107CB09E}.Debug|x64.Deploy.0 = Debug|iPhone
		{D94C8B67-E43D-43EA-B7D8-F1A7107CB09E}.Debug|x86.ActiveCfg = Debug|iPhoneSimulator
		{D94C8B67-E43D-43EA-B7D8-F1A7107CB09E}.Debug|x86.Build.0 = Debug|iPhoneSimulator
		{D94C8B67-E43D-43EA-B7D8-F1A7107CB09E}.Debug|x86.Deploy.0 = Debug|iPhoneSimulator
		{D94C8B67-E43D-43EA-B7D8-F1A7107CB09E}.Release|Any CPU.ActiveCfg = Release|iPhone
		{D94C8B67-E43D-43EA-B7D8-F1A7107CB09E}.Release|Any CPU.Build.0 = Release|iPhone
		{D94C8B67-E43D-43EA-B7D8-F1A7107CB09E}.Release|Any CPU.Deploy.0 = Release|iPhone
		{D94C8B67-E43D-43EA-B7D8-F1A7107CB09E}.Release|ARM.ActiveCfg = Release|iPhone
		{D94C8B67-E43D-43EA-B7D8-F1A7107CB09E}.Release|ARM.Build.0 = Release|iPhone
		{D94C8B67-E43D-43EA-B7D8-F1A7107CB09E}.Release|ARM.Deploy.0 = Release|iPhone
		{D94C8B67-E43D-43EA-B7D8-F1A7107CB09E}.Release|iPhone.ActiveCfg = Release|iPhone
		{D94C8B67-E43D-43EA-B7D8-F1A7107CB09E}.Release|iPhone.Build.0 = Release|iPhone
		{D94C8B67-E43D-43EA-B7D8-F1A7107CB09E}.Release|iPhone.Deploy.0 = Release|iPhone
		{D94C8B67-E43D-43EA-B7D8-F1A7107CB09E}.Release|iPhoneSimulator.ActiveCfg = Release|iPhoneSimulator
		{D94C8B67-E43D-43EA-B7D8-F1A7107CB09E}.Release|iPhoneSimulator.Build.0 = Release|iPhoneSimulator
		{D94C8B67-E43D-43EA-B7D8-F1A7107CB09E}.Release|iPhoneSimulator.Deploy.0 = Release|iPhoneSimulator
		{D94C8B67-E43D-43EA-B7D8-F1A7107CB09E}.Release|x64.ActiveCfg = Release|iPhone
		{D94C8B67-E43D-43EA-B7D8-F1A7107CB09E}.Release|x64.Build.0 = Release|iPhone
		{D94C8B67-E43D-43EA-B7D8-F1A7107CB09E}.Release|x64.Deploy.0 = Release|iPhone
		{D94C8B67-E43D-43EA-B7D8-F1A7107CB09E}.Release|x86.ActiveCfg = Release|iPhone
		{D94C8B67-E43D-43EA-B7D8-F1A7107CB09E}.Release|x86.Build.0 = Release|iPhone
		{D94C8B67-E43D-43EA-B7D8-F1A7107CB09E}.Release|x86.Deploy.0 = Release|iPhone
		{314AEE37-F509-42C1-94AD-A8A02795854E}.Ad-Hoc|Any CPU.ActiveCfg = Debug|Any CPU
		{314AEE37-F509-42C1-94AD-A8A02795854E}.Ad-Hoc|Any CPU.Build.0 = Debug|Any CPU
		{314AEE37-F509-42C1-94AD-A8A02795854E}.Ad-Hoc|Any CPU.Deploy.0 = Debug|Any CPU
		{314AEE37-F509-42C1-94AD-A8A02795854E}.Ad-Hoc|ARM.ActiveCfg = Debug|Any CPU
		{314AEE37-F509-42C1-94AD-A8A02795854E}.Ad-Hoc|ARM.Build.0 = Debug|Any CPU
		{314AEE37-F509-42C1-94AD-A8A02795854E}.Ad-Hoc|ARM.Deploy.0 = Debug|Any CPU
		{314AEE37-F509-42C1-94AD-A8A02795854E}.Ad-Hoc|iPhone.ActiveCfg = Debug|Any CPU
		{314AEE37-F509-42C1-94AD-A8A02795854E}.Ad-Hoc|iPhone.Build.0 = Debug|Any CPU
		{314AEE37-F509-42C1-94AD-A8A02795854E}.Ad-Hoc|iPhone.Deploy.0 = Debug|Any CPU
		{314AEE37-F509-42C1-94AD-A8A02795854E}.Ad-Hoc|iPhoneSimulator.ActiveCfg = Debug|Any CPU
		{314AEE37-F509-42C1-94AD-A8A02795854E}.Ad-Hoc|iPhoneSimulator.Build.0 = Debug|Any CPU
		{314AEE37-F509-42C1-94AD-A8A02795854E}.Ad-Hoc|iPhoneSimulator.Deploy.0 = Debug|Any CPU
		{314AEE37-F509-42C1-94AD-A8A02795854E}.Ad-Hoc|x64.ActiveCfg = Debug|Any CPU
		{314AEE37-F509-42C1-94AD-A8A02795854E}.Ad-Hoc|x64.Build.0 = Debug|Any CPU
		{314AEE37-F509-42C1-94AD-A8A02795854E}.Ad-Hoc|x64.Deploy.0 = Debug|Any CPU
		{314AEE37-F509-42C1-94AD-A8A02795854E}.Ad-Hoc|x86.ActiveCfg = Debug|Any CPU
		{314AEE37-F509-42C1-94AD-A8A02795854E}.Ad-Hoc|x86.Build.0 = Debug|Any CPU
		{314AEE37-F509-42C1-94AD-A8A02795854E}.Ad-Hoc|x86.Deploy.0 = Debug|Any CPU
		{314AEE37-F509-42C1-94AD-A8A02795854E}.AppStore|Any CPU.ActiveCfg = Debug|Any CPU
		{314AEE37-F509-42C1-94AD-A8A02795854E}.AppStore|Any CPU.Build.0 = Debug|Any CPU
		{314AEE37-F509-42C1-94AD-A8A02795854E}.AppStore|Any CPU.Deploy.0 = Debug|Any CPU
		{314AEE37-F509-42C1-94AD-A8A02795854E}.AppStore|ARM.ActiveCfg = Debug|Any CPU
		{314AEE37-F509-42C1-94AD-A8A02795854E}.AppStore|ARM.Build.0 = Debug|Any CPU
		{314AEE37-F509-42C1-94AD-A8A02795854E}.AppStore|ARM.Deploy.0 = Debug|Any CPU
		{314AEE37-F509-42C1-94AD-A8A02795854E}.AppStore|iPhone.ActiveCfg = Debug|Any CPU
		{314AEE37-F509-42C1-94AD-A8A02795854E}.AppStore|iPhone.Build.0 = Debug|Any CPU
		{314AEE37-F509-42C1-94AD-A8A02795854E}.AppStore|iPhone.Deploy.0 = Debug|Any CPU
		{314AEE37-F509-42C1-94AD-A8A02795854E}.AppStore|iPhoneSimulator.ActiveCfg = Debug|Any CPU
		{314AEE37-F509-42C1-94AD-A8A02795854E}.AppStore|iPhoneSimulator.Build.0 = Debug|Any CPU
		{314AEE37-F509-42C1-94AD-A8A02795854E}.AppStore|iPhoneSimulator.Deploy.0 = Debug|Any CPU
		{314AEE37-F509-42C1-94AD-A8A02795854E}.AppStore|x64.ActiveCfg = Debug|Any CPU
		{314AEE37-F509-42C1-94AD-A8A02795854E}.AppStore|x64.Build.0 = Debug|Any CPU
		{314AEE37-F509-42C1-94AD-A8A02795854E}.AppStore|x64.Deploy.0 = Debug|Any CPU
		{314AEE37-F509-42C1-94AD-A8A02795854E}.AppStore|x86.ActiveCfg = Debug|Any CPU
		{314AEE37-F509-42C1-94AD-A8A02795854E}.AppStore|x86.Build.0 = Debug|Any CPU
		{314AEE37-F509-42C1-94AD-A8A02795854E}.AppStore|x86.Deploy.0 = Debug|Any CPU
		{314AEE37-F509-42C1-94AD-A8A02795854E}.Debug|Any CPU.ActiveCfg = Debug|Any CPU
		{314AEE37-F509-42C1-94AD-A8A02795854E}.Debug|Any CPU.Build.0 = Debug|Any CPU
		{314AEE37-F509-42C1-94AD-A8A02795854E}.Debug|Any CPU.Deploy.0 = Debug|Any CPU
		{314AEE37-F509-42C1-94AD-A8A02795854E}.Debug|ARM.ActiveCfg = Debug|Any CPU
		{314AEE37-F509-42C1-94AD-A8A02795854E}.Debug|ARM.Build.0 = Debug|Any CPU
		{314AEE37-F509-42C1-94AD-A8A02795854E}.Debug|ARM.Deploy.0 = Debug|Any CPU
		{314AEE37-F509-42C1-94AD-A8A02795854E}.Debug|iPhone.ActiveCfg = Debug|Any CPU
		{314AEE37-F509-42C1-94AD-A8A02795854E}.Debug|iPhone.Build.0 = Debug|Any CPU
		{314AEE37-F509-42C1-94AD-A8A02795854E}.Debug|iPhone.Deploy.0 = Debug|Any CPU
		{314AEE37-F509-42C1-94AD-A8A02795854E}.Debug|iPhoneSimulator.ActiveCfg = Debug|Any CPU
		{314AEE37-F509-42C1-94AD-A8A02795854E}.Debug|iPhoneSimulator.Build.0 = Debug|Any CPU
		{314AEE37-F509-42C1-94AD-A8A02795854E}.Debug|iPhoneSimulator.Deploy.0 = Debug|Any CPU
		{314AEE37-F509-42C1-94AD-A8A02795854E}.Debug|x64.ActiveCfg = Debug|Any CPU
		{314AEE37-F509-42C1-94AD-A8A02795854E}.Debug|x64.Build.0 = Debug|Any CPU
		{314AEE37-F509-42C1-94AD-A8A02795854E}.Debug|x64.Deploy.0 = Debug|Any CPU
		{314AEE37-F509-42C1-94AD-A8A02795854E}.Debug|x86.ActiveCfg = Debug|Any CPU
		{314AEE37-F509-42C1-94AD-A8A02795854E}.Debug|x86.Build.0 = Debug|Any CPU
		{314AEE37-F509-42C1-94AD-A8A02795854E}.Debug|x86.Deploy.0 = Debug|Any CPU
		{314AEE37-F509-42C1-94AD-A8A02795854E}.Release|Any CPU.ActiveCfg = Release|Any CPU
		{314AEE37-F509-42C1-94AD-A8A02795854E}.Release|Any CPU.Build.0 = Release|Any CPU
		{314AEE37-F509-42C1-94AD-A8A02795854E}.Release|Any CPU.Deploy.0 = Release|Any CPU
		{314AEE37-F509-42C1-94AD-A8A02795854E}.Release|ARM.ActiveCfg = Release|Any CPU
		{314AEE37-F509-42C1-94AD-A8A02795854E}.Release|ARM.Build.0 = Release|Any CPU
		{314AEE37-F509-42C1-94AD-A8A02795854E}.Release|ARM.Deploy.0 = Release|Any CPU
		{314AEE37-F509-42C1-94AD-A8A02795854E}.Release|iPhone.ActiveCfg = Release|Any CPU
		{314AEE37-F509-42C1-94AD-A8A02795854E}.Release|iPhone.Build.0 = Release|Any CPU
		{314AEE37-F509-42C1-94AD-A8A02795854E}.Release|iPhone.Deploy.0 = Release|Any CPU
		{314AEE37-F509-42C1-94AD-A8A02795854E}.Release|iPhoneSimulator.ActiveCfg = Release|Any CPU
		{314AEE37-F509-42C1-94AD-A8A02795854E}.Release|iPhoneSimulator.Build.0 = Release|Any CPU
		{314AEE37-F509-42C1-94AD-A8A02795854E}.Release|iPhoneSimulator.Deploy.0 = Release|Any CPU
		{314AEE37-F509-42C1-94AD-A8A02795854E}.Release|x64.ActiveCfg = Release|Any CPU
		{314AEE37-F509-42C1-94AD-A8A02795854E}.Release|x64.Build.0 = Release|Any CPU
		{314AEE37-F509-42C1-94AD-A8A02795854E}.Release|x64.Deploy.0 = Release|Any CPU
		{314AEE37-F509-42C1-94AD-A8A02795854E}.Release|x86.ActiveCfg = Release|Any CPU
		{314AEE37-F509-42C1-94AD-A8A02795854E}.Release|x86.Build.0 = Release|Any CPU
		{314AEE37-F509-42C1-94AD-A8A02795854E}.Release|x86.Deploy.0 = Release|Any CPU
		{B691294C-70E6-424D-A137-BF99538B94BC}.Ad-Hoc|Any CPU.ActiveCfg = Release|Any CPU
		{B691294C-70E6-424D-A137-BF99538B94BC}.Ad-Hoc|Any CPU.Build.0 = Release|Any CPU
		{B691294C-70E6-424D-A137-BF99538B94BC}.Ad-Hoc|ARM.ActiveCfg = Release|Any CPU
		{B691294C-70E6-424D-A137-BF99538B94BC}.Ad-Hoc|ARM.Build.0 = Release|Any CPU
		{B691294C-70E6-424D-A137-BF99538B94BC}.Ad-Hoc|iPhone.ActiveCfg = Release|Any CPU
		{B691294C-70E6-424D-A137-BF99538B94BC}.Ad-Hoc|iPhone.Build.0 = Release|Any CPU
		{B691294C-70E6-424D-A137-BF99538B94BC}.Ad-Hoc|iPhoneSimulator.ActiveCfg = Release|Any CPU
		{B691294C-70E6-424D-A137-BF99538B94BC}.Ad-Hoc|iPhoneSimulator.Build.0 = Release|Any CPU
		{B691294C-70E6-424D-A137-BF99538B94BC}.Ad-Hoc|x64.ActiveCfg = Release|Any CPU
		{B691294C-70E6-424D-A137-BF99538B94BC}.Ad-Hoc|x64.Build.0 = Release|Any CPU
		{B691294C-70E6-424D-A137-BF99538B94BC}.Ad-Hoc|x86.ActiveCfg = Release|Any CPU
		{B691294C-70E6-424D-A137-BF99538B94BC}.Ad-Hoc|x86.Build.0 = Release|Any CPU
		{B691294C-70E6-424D-A137-BF99538B94BC}.AppStore|Any CPU.ActiveCfg = Release|Any CPU
		{B691294C-70E6-424D-A137-BF99538B94BC}.AppStore|Any CPU.Build.0 = Release|Any CPU
		{B691294C-70E6-424D-A137-BF99538B94BC}.AppStore|ARM.ActiveCfg = Release|Any CPU
		{B691294C-70E6-424D-A137-BF99538B94BC}.AppStore|ARM.Build.0 = Release|Any CPU
		{B691294C-70E6-424D-A137-BF99538B94BC}.AppStore|iPhone.ActiveCfg = Release|Any CPU
		{B691294C-70E6-424D-A137-BF99538B94BC}.AppStore|iPhone.Build.0 = Release|Any CPU
		{B691294C-70E6-424D-A137-BF99538B94BC}.AppStore|iPhoneSimulator.ActiveCfg = Release|Any CPU
		{B691294C-70E6-424D-A137-BF99538B94BC}.AppStore|iPhoneSimulator.Build.0 = Release|Any CPU
		{B691294C-70E6-424D-A137-BF99538B94BC}.AppStore|x64.ActiveCfg = Release|Any CPU
		{B691294C-70E6-424D-A137-BF99538B94BC}.AppStore|x64.Build.0 = Release|Any CPU
		{B691294C-70E6-424D-A137-BF99538B94BC}.AppStore|x86.ActiveCfg = Release|Any CPU
		{B691294C-70E6-424D-A137-BF99538B94BC}.AppStore|x86.Build.0 = Release|Any CPU
		{B691294C-70E6-424D-A137-BF99538B94BC}.Debug|Any CPU.ActiveCfg = Debug|Any CPU
		{B691294C-70E6-424D-A137-BF99538B94BC}.Debug|Any CPU.Build.0 = Debug|Any CPU
		{B691294C-70E6-424D-A137-BF99538B94BC}.Debug|ARM.ActiveCfg = Debug|Any CPU
		{B691294C-70E6-424D-A137-BF99538B94BC}.Debug|ARM.Build.0 = Debug|Any CPU
		{B691294C-70E6-424D-A137-BF99538B94BC}.Debug|iPhone.ActiveCfg = Debug|Any CPU
		{B691294C-70E6-424D-A137-BF99538B94BC}.Debug|iPhone.Build.0 = Debug|Any CPU
		{B691294C-70E6-424D-A137-BF99538B94BC}.Debug|iPhoneSimulator.ActiveCfg = Debug|Any CPU
		{B691294C-70E6-424D-A137-BF99538B94BC}.Debug|iPhoneSimulator.Build.0 = Debug|Any CPU
		{B691294C-70E6-424D-A137-BF99538B94BC}.Debug|x64.ActiveCfg = Debug|Any CPU
		{B691294C-70E6-424D-A137-BF99538B94BC}.Debug|x64.Build.0 = Debug|Any CPU
		{B691294C-70E6-424D-A137-BF99538B94BC}.Debug|x86.ActiveCfg = Debug|Any CPU
		{B691294C-70E6-424D-A137-BF99538B94BC}.Debug|x86.Build.0 = Debug|Any CPU
		{B691294C-70E6-424D-A137-BF99538B94BC}.Release|Any CPU.ActiveCfg = Release|Any CPU
		{B691294C-70E6-424D-A137-BF99538B94BC}.Release|Any CPU.Build.0 = Release|Any CPU
		{B691294C-70E6-424D-A137-BF99538B94BC}.Release|ARM.ActiveCfg = Release|Any CPU
		{B691294C-70E6-424D-A137-BF99538B94BC}.Release|ARM.Build.0 = Release|Any CPU
		{B691294C-70E6-424D-A137-BF99538B94BC}.Release|iPhone.ActiveCfg = Release|Any CPU
		{B691294C-70E6-424D-A137-BF99538B94BC}.Release|iPhone.Build.0 = Release|Any CPU
		{B691294C-70E6-424D-A137-BF99538B94BC}.Release|iPhoneSimulator.ActiveCfg = Release|Any CPU
		{B691294C-70E6-424D-A137-BF99538B94BC}.Release|iPhoneSimulator.Build.0 = Release|Any CPU
		{B691294C-70E6-424D-A137-BF99538B94BC}.Release|x64.ActiveCfg = Release|Any CPU
		{B691294C-70E6-424D-A137-BF99538B94BC}.Release|x64.Build.0 = Release|Any CPU
		{B691294C-70E6-424D-A137-BF99538B94BC}.Release|x86.ActiveCfg = Release|Any CPU
		{B691294C-70E6-424D-A137-BF99538B94BC}.Release|x86.Build.0 = Release|Any CPU
		{72731C40-B3CE-4618-B363-C93BBC7B8481}.Ad-Hoc|Any CPU.ActiveCfg = Release|Any CPU
		{72731C40-B3CE-4618-B363-C93BBC7B8481}.Ad-Hoc|Any CPU.Build.0 = Release|Any CPU
		{72731C40-B3CE-4618-B363-C93BBC7B8481}.Ad-Hoc|ARM.ActiveCfg = Release|Any CPU
		{72731C40-B3CE-4618-B363-C93BBC7B8481}.Ad-Hoc|ARM.Build.0 = Release|Any CPU
		{72731C40-B3CE-4618-B363-C93BBC7B8481}.Ad-Hoc|iPhone.ActiveCfg = Release|Any CPU
		{72731C40-B3CE-4618-B363-C93BBC7B8481}.Ad-Hoc|iPhone.Build.0 = Release|Any CPU
		{72731C40-B3CE-4618-B363-C93BBC7B8481}.Ad-Hoc|iPhoneSimulator.ActiveCfg = Release|Any CPU
		{72731C40-B3CE-4618-B363-C93BBC7B8481}.Ad-Hoc|iPhoneSimulator.Build.0 = Release|Any CPU
		{72731C40-B3CE-4618-B363-C93BBC7B8481}.Ad-Hoc|x64.ActiveCfg = Release|Any CPU
		{72731C40-B3CE-4618-B363-C93BBC7B8481}.Ad-Hoc|x64.Build.0 = Release|Any CPU
		{72731C40-B3CE-4618-B363-C93BBC7B8481}.Ad-Hoc|x86.ActiveCfg = Release|Any CPU
		{72731C40-B3CE-4618-B363-C93BBC7B8481}.Ad-Hoc|x86.Build.0 = Release|Any CPU
		{72731C40-B3CE-4618-B363-C93BBC7B8481}.AppStore|Any CPU.ActiveCfg = Release|Any CPU
		{72731C40-B3CE-4618-B363-C93BBC7B8481}.AppStore|Any CPU.Build.0 = Release|Any CPU
		{72731C40-B3CE-4618-B363-C93BBC7B8481}.AppStore|ARM.ActiveCfg = Release|Any CPU
		{72731C40-B3CE-4618-B363-C93BBC7B8481}.AppStore|ARM.Build.0 = Release|Any CPU
		{72731C40-B3CE-4618-B363-C93BBC7B8481}.AppStore|iPhone.ActiveCfg = Release|Any CPU
		{72731C40-B3CE-4618-B363-C93BBC7B8481}.AppStore|iPhone.Build.0 = Release|Any CPU
		{72731C40-B3CE-4618-B363-C93BBC7B8481}.AppStore|iPhoneSimulator.ActiveCfg = Release|Any CPU
		{72731C40-B3CE-4618-B363-C93BBC7B8481}.AppStore|iPhoneSimulator.Build.0 = Release|Any CPU
		{72731C40-B3CE-4618-B363-C93BBC7B8481}.AppStore|x64.ActiveCfg = Release|Any CPU
		{72731C40-B3CE-4618-B363-C93BBC7B8481}.AppStore|x64.Build.0 = Release|Any CPU
		{72731C40-B3CE-4618-B363-C93BBC7B8481}.AppStore|x86.ActiveCfg = Release|Any CPU
		{72731C40-B3CE-4618-B363-C93BBC7B8481}.AppStore|x86.Build.0 = Release|Any CPU
		{72731C40-B3CE-4618-B363-C93BBC7B8481}.Debug|Any CPU.ActiveCfg = Debug|Any CPU
		{72731C40-B3CE-4618-B363-C93BBC7B8481}.Debug|Any CPU.Build.0 = Debug|Any CPU
		{72731C40-B3CE-4618-B363-C93BBC7B8481}.Debug|ARM.ActiveCfg = Debug|Any CPU
		{72731C40-B3CE-4618-B363-C93BBC7B8481}.Debug|ARM.Build.0 = Debug|Any CPU
		{72731C40-B3CE-4618-B363-C93BBC7B8481}.Debug|iPhone.ActiveCfg = Debug|Any CPU
		{72731C40-B3CE-4618-B363-C93BBC7B8481}.Debug|iPhone.Build.0 = Debug|Any CPU
		{72731C40-B3CE-4618-B363-C93BBC7B8481}.Debug|iPhoneSimulator.ActiveCfg = Debug|Any CPU
		{72731C40-B3CE-4618-B363-C93BBC7B8481}.Debug|iPhoneSimulator.Build.0 = Debug|Any CPU
		{72731C40-B3CE-4618-B363-C93BBC7B8481}.Debug|x64.ActiveCfg = Debug|Any CPU
		{72731C40-B3CE-4618-B363-C93BBC7B8481}.Debug|x64.Build.0 = Debug|Any CPU
		{72731C40-B3CE-4618-B363-C93BBC7B8481}.Debug|x86.ActiveCfg = Debug|Any CPU
		{72731C40-B3CE-4618-B363-C93BBC7B8481}.Debug|x86.Build.0 = Debug|Any CPU
		{72731C40-B3CE-4618-B363-C93BBC7B8481}.Release|Any CPU.ActiveCfg = Release|Any CPU
		{72731C40-B3CE-4618-B363-C93BBC7B8481}.Release|Any CPU.Build.0 = Release|Any CPU
		{72731C40-B3CE-4618-B363-C93BBC7B8481}.Release|ARM.ActiveCfg = Release|Any CPU
		{72731C40-B3CE-4618-B363-C93BBC7B8481}.Release|ARM.Build.0 = Release|Any CPU
		{72731C40-B3CE-4618-B363-C93BBC7B8481}.Release|iPhone.ActiveCfg = Release|Any CPU
		{72731C40-B3CE-4618-B363-C93BBC7B8481}.Release|iPhone.Build.0 = Release|Any CPU
		{72731C40-B3CE-4618-B363-C93BBC7B8481}.Release|iPhoneSimulator.ActiveCfg = Release|Any CPU
		{72731C40-B3CE-4618-B363-C93BBC7B8481}.Release|iPhoneSimulator.Build.0 = Release|Any CPU
		{72731C40-B3CE-4618-B363-C93BBC7B8481}.Release|x64.ActiveCfg = Release|Any CPU
		{72731C40-B3CE-4618-B363-C93BBC7B8481}.Release|x64.Build.0 = Release|Any CPU
		{72731C40-B3CE-4618-B363-C93BBC7B8481}.Release|x86.ActiveCfg = Release|Any CPU
		{72731C40-B3CE-4618-B363-C93BBC7B8481}.Release|x86.Build.0 = Release|Any CPU
		{47FA7835-C5ED-4E53-8347-5CBA4D64B221}.Ad-Hoc|Any CPU.ActiveCfg = Release|Any CPU
		{47FA7835-C5ED-4E53-8347-5CBA4D64B221}.Ad-Hoc|Any CPU.Build.0 = Release|Any CPU
		{47FA7835-C5ED-4E53-8347-5CBA4D64B221}.Ad-Hoc|ARM.ActiveCfg = Release|Any CPU
		{47FA7835-C5ED-4E53-8347-5CBA4D64B221}.Ad-Hoc|ARM.Build.0 = Release|Any CPU
		{47FA7835-C5ED-4E53-8347-5CBA4D64B221}.Ad-Hoc|iPhone.ActiveCfg = Release|Any CPU
		{47FA7835-C5ED-4E53-8347-5CBA4D64B221}.Ad-Hoc|iPhone.Build.0 = Release|Any CPU
		{47FA7835-C5ED-4E53-8347-5CBA4D64B221}.Ad-Hoc|iPhoneSimulator.ActiveCfg = Release|Any CPU
		{47FA7835-C5ED-4E53-8347-5CBA4D64B221}.Ad-Hoc|iPhoneSimulator.Build.0 = Release|Any CPU
		{47FA7835-C5ED-4E53-8347-5CBA4D64B221}.Ad-Hoc|x64.ActiveCfg = Release|Any CPU
		{47FA7835-C5ED-4E53-8347-5CBA4D64B221}.Ad-Hoc|x64.Build.0 = Release|Any CPU
		{47FA7835-C5ED-4E53-8347-5CBA4D64B221}.Ad-Hoc|x86.ActiveCfg = Release|Any CPU
		{47FA7835-C5ED-4E53-8347-5CBA4D64B221}.Ad-Hoc|x86.Build.0 = Release|Any CPU
		{47FA7835-C5ED-4E53-8347-5CBA4D64B221}.AppStore|Any CPU.ActiveCfg = Release|Any CPU
		{47FA7835-C5ED-4E53-8347-5CBA4D64B221}.AppStore|Any CPU.Build.0 = Release|Any CPU
		{47FA7835-C5ED-4E53-8347-5CBA4D64B221}.AppStore|ARM.ActiveCfg = Release|Any CPU
		{47FA7835-C5ED-4E53-8347-5CBA4D64B221}.AppStore|ARM.Build.0 = Release|Any CPU
		{47FA7835-C5ED-4E53-8347-5CBA4D64B221}.AppStore|iPhone.ActiveCfg = Release|Any CPU
		{47FA7835-C5ED-4E53-8347-5CBA4D64B221}.AppStore|iPhone.Build.0 = Release|Any CPU
		{47FA7835-C5ED-4E53-8347-5CBA4D64B221}.AppStore|iPhoneSimulator.ActiveCfg = Release|Any CPU
		{47FA7835-C5ED-4E53-8347-5CBA4D64B221}.AppStore|iPhoneSimulator.Build.0 = Release|Any CPU
		{47FA7835-C5ED-4E53-8347-5CBA4D64B221}.AppStore|x64.ActiveCfg = Release|Any CPU
		{47FA7835-C5ED-4E53-8347-5CBA4D64B221}.AppStore|x64.Build.0 = Release|Any CPU
		{47FA7835-C5ED-4E53-8347-5CBA4D64B221}.AppStore|x86.ActiveCfg = Release|Any CPU
		{47FA7835-C5ED-4E53-8347-5CBA4D64B221}.AppStore|x86.Build.0 = Release|Any CPU
		{47FA7835-C5ED-4E53-8347-5CBA4D64B221}.Debug|Any CPU.ActiveCfg = Debug|Any CPU
		{47FA7835-C5ED-4E53-8347-5CBA4D64B221}.Debug|Any CPU.Build.0 = Debug|Any CPU
		{47FA7835-C5ED-4E53-8347-5CBA4D64B221}.Debug|ARM.ActiveCfg = Debug|Any CPU
		{47FA7835-C5ED-4E53-8347-5CBA4D64B221}.Debug|ARM.Build.0 = Debug|Any CPU
		{47FA7835-C5ED-4E53-8347-5CBA4D64B221}.Debug|iPhone.ActiveCfg = Debug|Any CPU
		{47FA7835-C5ED-4E53-8347-5CBA4D64B221}.Debug|iPhone.Build.0 = Debug|Any CPU
		{47FA7835-C5ED-4E53-8347-5CBA4D64B221}.Debug|iPhoneSimulator.ActiveCfg = Debug|Any CPU
		{47FA7835-C5ED-4E53-8347-5CBA4D64B221}.Debug|iPhoneSimulator.Build.0 = Debug|Any CPU
		{47FA7835-C5ED-4E53-8347-5CBA4D64B221}.Debug|x64.ActiveCfg = Debug|Any CPU
		{47FA7835-C5ED-4E53-8347-5CBA4D64B221}.Debug|x64.Build.0 = Debug|Any CPU
		{47FA7835-C5ED-4E53-8347-5CBA4D64B221}.Debug|x86.ActiveCfg = Debug|Any CPU
		{47FA7835-C5ED-4E53-8347-5CBA4D64B221}.Debug|x86.Build.0 = Debug|Any CPU
		{47FA7835-C5ED-4E53-8347-5CBA4D64B221}.Release|Any CPU.ActiveCfg = Release|Any CPU
		{47FA7835-C5ED-4E53-8347-5CBA4D64B221}.Release|Any CPU.Build.0 = Release|Any CPU
		{47FA7835-C5ED-4E53-8347-5CBA4D64B221}.Release|ARM.ActiveCfg = Release|Any CPU
		{47FA7835-C5ED-4E53-8347-5CBA4D64B221}.Release|ARM.Build.0 = Release|Any CPU
		{47FA7835-C5ED-4E53-8347-5CBA4D64B221}.Release|iPhone.ActiveCfg = Release|Any CPU
		{47FA7835-C5ED-4E53-8347-5CBA4D64B221}.Release|iPhone.Build.0 = Release|Any CPU
		{47FA7835-C5ED-4E53-8347-5CBA4D64B221}.Release|iPhoneSimulator.ActiveCfg = Release|Any CPU
		{47FA7835-C5ED-4E53-8347-5CBA4D64B221}.Release|iPhoneSimulator.Build.0 = Release|Any CPU
		{47FA7835-C5ED-4E53-8347-5CBA4D64B221}.Release|x64.ActiveCfg = Release|Any CPU
		{47FA7835-C5ED-4E53-8347-5CBA4D64B221}.Release|x64.Build.0 = Release|Any CPU
		{47FA7835-C5ED-4E53-8347-5CBA4D64B221}.Release|x86.ActiveCfg = Release|Any CPU
		{47FA7835-C5ED-4E53-8347-5CBA4D64B221}.Release|x86.Build.0 = Release|Any CPU
		{201120B9-BAE3-4C54-AC0D-26AA26B39F9A}.Ad-Hoc|Any CPU.ActiveCfg = Release|Any CPU
		{201120B9-BAE3-4C54-AC0D-26AA26B39F9A}.Ad-Hoc|Any CPU.Build.0 = Release|Any CPU
		{201120B9-BAE3-4C54-AC0D-26AA26B39F9A}.Ad-Hoc|ARM.ActiveCfg = Release|Any CPU
		{201120B9-BAE3-4C54-AC0D-26AA26B39F9A}.Ad-Hoc|ARM.Build.0 = Release|Any CPU
		{201120B9-BAE3-4C54-AC0D-26AA26B39F9A}.Ad-Hoc|iPhone.ActiveCfg = Release|Any CPU
		{201120B9-BAE3-4C54-AC0D-26AA26B39F9A}.Ad-Hoc|iPhone.Build.0 = Release|Any CPU
		{201120B9-BAE3-4C54-AC0D-26AA26B39F9A}.Ad-Hoc|iPhoneSimulator.ActiveCfg = Release|Any CPU
		{201120B9-BAE3-4C54-AC0D-26AA26B39F9A}.Ad-Hoc|iPhoneSimulator.Build.0 = Release|Any CPU
		{201120B9-BAE3-4C54-AC0D-26AA26B39F9A}.Ad-Hoc|x64.ActiveCfg = Release|Any CPU
		{201120B9-BAE3-4C54-AC0D-26AA26B39F9A}.Ad-Hoc|x64.Build.0 = Release|Any CPU
		{201120B9-BAE3-4C54-AC0D-26AA26B39F9A}.Ad-Hoc|x86.ActiveCfg = Release|Any CPU
		{201120B9-BAE3-4C54-AC0D-26AA26B39F9A}.Ad-Hoc|x86.Build.0 = Release|Any CPU
		{201120B9-BAE3-4C54-AC0D-26AA26B39F9A}.AppStore|Any CPU.ActiveCfg = Release|Any CPU
		{201120B9-BAE3-4C54-AC0D-26AA26B39F9A}.AppStore|Any CPU.Build.0 = Release|Any CPU
		{201120B9-BAE3-4C54-AC0D-26AA26B39F9A}.AppStore|ARM.ActiveCfg = Release|Any CPU
		{201120B9-BAE3-4C54-AC0D-26AA26B39F9A}.AppStore|ARM.Build.0 = Release|Any CPU
		{201120B9-BAE3-4C54-AC0D-26AA26B39F9A}.AppStore|iPhone.ActiveCfg = Release|Any CPU
		{201120B9-BAE3-4C54-AC0D-26AA26B39F9A}.AppStore|iPhone.Build.0 = Release|Any CPU
		{201120B9-BAE3-4C54-AC0D-26AA26B39F9A}.AppStore|iPhoneSimulator.ActiveCfg = Release|Any CPU
		{201120B9-BAE3-4C54-AC0D-26AA26B39F9A}.AppStore|iPhoneSimulator.Build.0 = Release|Any CPU
		{201120B9-BAE3-4C54-AC0D-26AA26B39F9A}.AppStore|x64.ActiveCfg = Release|Any CPU
		{201120B9-BAE3-4C54-AC0D-26AA26B39F9A}.AppStore|x64.Build.0 = Release|Any CPU
		{201120B9-BAE3-4C54-AC0D-26AA26B39F9A}.AppStore|x86.ActiveCfg = Release|Any CPU
		{201120B9-BAE3-4C54-AC0D-26AA26B39F9A}.AppStore|x86.Build.0 = Release|Any CPU
		{201120B9-BAE3-4C54-AC0D-26AA26B39F9A}.Debug|Any CPU.ActiveCfg = Debug|Any CPU
		{201120B9-BAE3-4C54-AC0D-26AA26B39F9A}.Debug|Any CPU.Build.0 = Debug|Any CPU
		{201120B9-BAE3-4C54-AC0D-26AA26B39F9A}.Debug|ARM.ActiveCfg = Debug|Any CPU
		{201120B9-BAE3-4C54-AC0D-26AA26B39F9A}.Debug|ARM.Build.0 = Debug|Any CPU
		{201120B9-BAE3-4C54-AC0D-26AA26B39F9A}.Debug|iPhone.ActiveCfg = Debug|Any CPU
		{201120B9-BAE3-4C54-AC0D-26AA26B39F9A}.Debug|iPhone.Build.0 = Debug|Any CPU
		{201120B9-BAE3-4C54-AC0D-26AA26B39F9A}.Debug|iPhoneSimulator.ActiveCfg = Debug|Any CPU
		{201120B9-BAE3-4C54-AC0D-26AA26B39F9A}.Debug|iPhoneSimulator.Build.0 = Debug|Any CPU
		{201120B9-BAE3-4C54-AC0D-26AA26B39F9A}.Debug|x64.ActiveCfg = Debug|Any CPU
		{201120B9-BAE3-4C54-AC0D-26AA26B39F9A}.Debug|x64.Build.0 = Debug|Any CPU
		{201120B9-BAE3-4C54-AC0D-26AA26B39F9A}.Debug|x86.ActiveCfg = Debug|Any CPU
		{201120B9-BAE3-4C54-AC0D-26AA26B39F9A}.Debug|x86.Build.0 = Debug|Any CPU
		{201120B9-BAE3-4C54-AC0D-26AA26B39F9A}.Release|Any CPU.ActiveCfg = Release|Any CPU
		{201120B9-BAE3-4C54-AC0D-26AA26B39F9A}.Release|Any CPU.Build.0 = Release|Any CPU
		{201120B9-BAE3-4C54-AC0D-26AA26B39F9A}.Release|ARM.ActiveCfg = Release|Any CPU
		{201120B9-BAE3-4C54-AC0D-26AA26B39F9A}.Release|ARM.Build.0 = Release|Any CPU
		{201120B9-BAE3-4C54-AC0D-26AA26B39F9A}.Release|iPhone.ActiveCfg = Release|Any CPU
		{201120B9-BAE3-4C54-AC0D-26AA26B39F9A}.Release|iPhone.Build.0 = Release|Any CPU
		{201120B9-BAE3-4C54-AC0D-26AA26B39F9A}.Release|iPhoneSimulator.ActiveCfg = Release|Any CPU
		{201120B9-BAE3-4C54-AC0D-26AA26B39F9A}.Release|iPhoneSimulator.Build.0 = Release|Any CPU
		{201120B9-BAE3-4C54-AC0D-26AA26B39F9A}.Release|x64.ActiveCfg = Release|Any CPU
		{201120B9-BAE3-4C54-AC0D-26AA26B39F9A}.Release|x64.Build.0 = Release|Any CPU
		{201120B9-BAE3-4C54-AC0D-26AA26B39F9A}.Release|x86.ActiveCfg = Release|Any CPU
		{201120B9-BAE3-4C54-AC0D-26AA26B39F9A}.Release|x86.Build.0 = Release|Any CPU
	EndGlobalSection
	GlobalSection(SolutionProperties) = preSolution
		HideSolutionNode = FALSE
	EndGlobalSection
	GlobalSection(ExtensibilityGlobals) = postSolution
		RESX_PrefixTranslations = True
		SolutionGuid = {912DF50E-D750-4AB2-9858-3C58D02FC116}
	EndGlobalSection
EndGlobal
